// !$*UTF8*$!
{
	archiveVersion = 1;
	classes = {
	};
	objectVersion = 46;
	objects = {

/* Begin PBXBuildFile section */
		81CB5F811E835E8E005EB6BE /* AppDelegate.swift in Sources */ = {isa = PBXBuildFile; fileRef = 81CB5F801E835E8E005EB6BE /* AppDelegate.swift */; };
		81CB5F831E835E8E005EB6BE /* ViewController.swift in Sources */ = {isa = PBXBuildFile; fileRef = 81CB5F821E835E8E005EB6BE /* ViewController.swift */; };
		81CB5F861E835E8E005EB6BE /* Main.storyboard in Resources */ = {isa = PBXBuildFile; fileRef = 81CB5F841E835E8E005EB6BE /* Main.storyboard */; };
		81CB5F881E835E8E005EB6BE /* Assets.xcassets in Resources */ = {isa = PBXBuildFile; fileRef = 81CB5F871E835E8E005EB6BE /* Assets.xcassets */; };
		81CB5F8B1E835E8E005EB6BE /* LaunchScreen.storyboard in Resources */ = {isa = PBXBuildFile; fileRef = 81CB5F891E835E8E005EB6BE /* LaunchScreen.storyboard */; };
/* End PBXBuildFile section */

/* Begin PBXFileReference section */
		81CB5F7D1E835E8E005EB6BE /* Calculate_Swift.app */ = {isa = PBXFileReference; explicitFileType = wrapper.application; includeInIndex = 0; path = Calculate_Swift.app; sourceTree = BUILT_PRODUCTS_DIR; };
		81CB5F801E835E8E005EB6BE /* AppDelegate.swift */ = {isa = PBXFileReference; lastKnownFileType = sourcecode.swift; path = AppDelegate.swift; sourceTree = "<group>"; };
		81CB5F821E835E8E005EB6BE /* ViewController.swift */ = {isa = PBXFileReference; lastKnownFileType = sourcecode.swift; path = ViewController.swift; sourceTree = "<group>"; };
		81CB5F851E835E8E005EB6BE /* Base */ = {isa = PBXFileReference; lastKnownFileType = file.storyboard; name = Base; path = Base.lproj/Main.storyboard; sourceTree = "<group>"; };
		81CB5F871E835E8E005EB6BE /* Assets.xcassets */ = {isa = PBXFileReference; lastKnownFileType = folder.assetcatalog; path = Assets.xcassets; sourceTree = "<group>"; };
		81CB5F8A1E835E8E005EB6BE /* Base */ = {isa = PBXFileReference; lastKnownFileType = file.storyboard; name = Base; path = Base.lproj/LaunchScreen.storyboard; sourceTree = "<group>"; };
		81CB5F8C1E835E8E005EB6BE /* Info.plist */ = {isa = PBXFileReference; lastKnownFileType = text.plist.xml; path = Info.plist; sourceTree = "<group>"; };
/* End PBXFileReference section */

/* Begin PBXFrameworksBuildPhase section */
		81CB5F7A1E835E8E005EB6BE /* Frameworks */ = {
			isa = PBXFrameworksBuildPhase;
			buildActionMask = 2147483647;
			files = (
			);
			runOnlyForDeploymentPostprocessing = 0;
		};
/* End PBXFrameworksBuildPhase section */

/* Begin PBXGroup section */
		81CB5F741E835E8E005EB6BE = {
			isa = PBXGroup;
			children = (
				81CB5F7F1E835E8E005EB6BE /* Calculate_Swift */,
				81CB5F7E1E835E8E005EB6BE /* Products */,
			);
			sourceTree = "<group>";
		};
		81CB5F7E1E835E8E005EB6BE /* Products */ = {
			isa = PBXGroup;
			children = (
				81CB5F7D1E835E8E005EB6BE /* Calculate_Swift.app */,
			);
			name = Products;
			sourceTree = "<group>";
		};
		81CB5F7F1E835E8E005EB6BE /* Calculate_Swift */ = {
			isa = PBXGroup;
			children = (
				81CB5F801E835E8E005EB6BE /* AppDelegate.swift */,
				81CB5F821E835E8E005EB6BE /* ViewController.swift */,
				81CB5F841E835E8E005EB6BE /* Main.storyboard */,
				81CB5F871E835E8E005EB6BE /* Assets.xcassets */,
				81CB5F891E835E8E005EB6BE /* LaunchScreen.storyboard */,
				81CB5F8C1E835E8E005EB6BE /* Info.plist */,
			);
			path = Calculate_Swift;
			sourceTree = "<group>";
		};
/* End PBXGroup section */

/* Begin PBXNativeTarget section */
		81CB5F7C1E835E8E005EB6BE /* Calculate_Swift */ = {
			isa = PBXNativeTarget;
			buildConfigurationList = 81CB5F8F1E835E8E005EB6BE /* Build configuration list for PBXNativeTarget "Calculate_Swift" */;
			buildPhases = (
				81CB5F791E835E8E005EB6BE /* Sources */,
				81CB5F7A1E835E8E005EB6BE /* Frameworks */,
				81CB5F7B1E835E8E005EB6BE /* Resources */,
			);
			buildRules = (
			);
			dependencies = (
			);
			name = Calculate_Swift;
			productName = Calculate_Swift;
			productReference = 81CB5F7D1E835E8E005EB6BE /* Calculate_Swift.app */;
			productType = "com.apple.product-type.application";
		};
/* End PBXNativeTarget section */

/* Begin PBXProject section */
		81CB5F751E835E8E005EB6BE /* Project object */ = {
			isa = PBXProject;
			attributes = {
				LastSwiftUpdateCheck = 0820;
				LastUpgradeCheck = 0820;
				ORGANIZATIONNAME = "李鹏飞";
				TargetAttributes = {
					81CB5F7C1E835E8E005EB6BE = {
						CreatedOnToolsVersion = 8.2.1;
						ProvisioningStyle = Automatic;
					};
				};
			};
			buildConfigurationList = 81CB5F781E835E8E005EB6BE /* Build configuration list for PBXProject "Calculate_Swift" */;
			compatibilityVersion = "Xcode 3.2";
			developmentRegion = English;
			hasScannedForEncodings = 0;
			knownRegions = (
				en,
				Base,
			);
			mainGroup = 81CB5F741E835E8E005EB6BE;
			productRefGroup = 81CB5F7E1E835E8E005EB6BE /* Products */;
			projectDirPath = "";
			projectRoot = "";
			targets = (
				81CB5F7C1E835E8E005EB6BE /* Calculate_Swift */,
			);
		};
/* End PBXProject section */

/* Begin PBXResourcesBuildPhase section */
		81CB5F7B1E835E8E005EB6BE /* Resources */ = {
			isa = PBXResourcesBuildPhase;
			buildActionMask = 2147483647;
			files = (
				81CB5F8B1E835E8E005EB6BE /* LaunchScreen.storyboard in Resources */,
				81CB5F881E835E8E005EB6BE /* Assets.xcassets in Resources */,
				81CB5F861E835E8E005EB6BE /* Main.storyboard in Resources */,
			);
			runOnlyForDeploymentPostprocessing = 0;
		};
/* End PBXResourcesBuildPhase section */

/* Begin PBXSourcesBuildPhase section */
		81CB5F791E835E8E005EB6BE /* Sources */ = {
			isa = PBXSourcesBuildPhase;
			buildActionMask = 2147483647;
			files = (
				81CB5F831E835E8E005EB6BE /* ViewController.swift in Sources */,
				81CB5F811E835E8E005EB6BE /* AppDelegate.swift in Sources */,
			);
			runOnlyForDeploymentPostprocessing = 0;
		};
/* End PBXSourcesBuildPhase section */

/* Begin PBXVariantGroup section */
		81CB5F841E835E8E005EB6BE /* Main.storyboard */ = {
			isa = PBXVariantGroup;
			children = (
				81CB5F851E835E8E005EB6BE /* Base */,
			);
			name = Main.storyboard;
			sourceTree = "<group>";
		};
		81CB5F891E835E8E005EB6BE /* LaunchScreen.storyboard */ = {
			isa = PBXVariantGroup;
			children = (
				81CB5F8A1E835E8E005EB6BE /* Base */,
			);
			name = LaunchScreen.storyboard;
			sourceTree = "<group>";
		};
/* End PBXVariantGroup section */

/* Begin XCBuildConfiguration section */
		81CB5F8D1E835E8E005EB6BE /* Debug */ = {
			isa = XCBuildConfiguration;
			buildSettings = {
				ALWAYS_SEARCH_USER_PATHS = NO;
				CLANG_ANALYZER_NONNULL = YES;
				CLANG_CXX_LANGUAGE_STANDARD = "gnu++0x";
				CLANG_CXX_LIBRARY = "libc++";
				CLANG_ENABLE_MODULES = YES;
				CLANG_ENABLE_OBJC_ARC = YES;
				CLANG_WARN_BOOL_CONVERSION = YES;
				CLANG_WARN_CONSTANT_CONVERSION = YES;
				CLANG_WARN_DIRECT_OBJC_ISA_USAGE = YES_ERROR;
				CLANG_WARN_DOCUMENTATION_COMMENTS = YES;
				CLANG_WARN_EMPTY_BODY = YES;
				CLANG_WARN_ENUM_CONVERSION = YES;
				CLANG_WARN_INFINITE_RECURSION = YES;
				CLANG_WARN_INT_CONVERSION = YES;
				CLANG_WARN_OBJC_ROOT_CLASS = YES_ERROR;
				CLANG_WARN_SUSPICIOUS_MOVE = YES;
				CLANG_WARN_UNREACHABLE_CODE = YES;
				CLANG_WARN__DUPLICATE_METHOD_MATCH = YES;
				"CODE_SIGN_IDENTITY[sdk=iphoneos*]" = "iPhone Developer";
				COPY_PHASE_STRIP = NO;
				DEBUG_INFORMATION_FORMAT = dwarf;
				ENABLE_STRICT_OBJC_MSGSEND = YES;
				ENABLE_TESTABILITY = YES;
				GCC_C_LANGUAGE_STANDARD = gnu99;
				GCC_DYNAMIC_NO_PIC = NO;
				GCC_NO_COMMON_BLOCKS = YES;
				GCC_OPTIMIZATION_LEVEL = 0;
				GCC_PREPROCESSOR_DEFINITIONS = (
					"DEBUG=1",
					"$(inherited)",
				);
				GCC_WARN_64_TO_32_BIT_CONVERSION = YES;
				GCC_WARN_ABOUT_RETURN_TYPE = YES_ERROR;
				GCC_WARN_UNDECLARED_SELECTOR = YES;
				GCC_WARN_UNINITIALIZED_AUTOS = YES_AGGRESSIVE;
				GCC_WARN_UNUSED_FUNCTION = YES;
				GCC_WARN_UNUSED_VARIABLE = YES;
				IPHONEOS_DEPLOYMENT_TARGET = 10.2;
				MTL_ENABLE_DEBUG_INFO = YES;
				ONLY_ACTIVE_ARCH = YES;
				SDKROOT = iphoneos;
				SWIFT_ACTIVE_COMPILATION_CONDITIONS = DEBUG;
				SWIFT_OPTIMIZATION_LEVEL = "-Onone";
				TARGETED_DEVICE_FAMILY = "1,2";
			};
			name = Debug;
		};
		81CB5F8E1E835E8E005EB6BE /* Release */ = {
			isa = XCBuildConfiguration;
			buildSettings = {
				ALWAYS_SEARCH_USER_PATHS = NO;
				CLANG_ANALYZER_NONNULL = YES;
				CLANG_CXX_LANGUAGE_STANDARD = "gnu++0x";
				CLANG_CXX_LIBRARY = "libc++";
				CLANG_ENABLE_MODULES = YES;
				CLANG_ENABLE_OBJC_ARC = YES;
				CLANG_WARN_BOOL_CONVERSION = YES;
				CLANG_WARN_CONSTANT_CONVERSION = YES;
				CLANG_WARN_DIRECT_OBJC_ISA_USAGE = YES_ERROR;
				CLANG_WARN_DOCUMENTATION_COMMENTS = YES;
				CLANG_WARN_EMPTY_BODY = YES;
				CLANG_WARN_ENUM_CONVERSION = YES;
				CLANG_WARN_INFINITE_RECURSION = YES;
				CLANG_WARN_INT_CONVERSION = YES;
				CLANG_WARN_OBJC_ROOT_CLASS = YES_ERROR;
				CLANG_WARN_SUSPICIOUS_MOVE = YES;
				CLANG_WARN_UNREACHABLE_CODE = YES;
				CLANG_WARN__DUPLICATE_METHOD_MATCH = YES;
				"CODE_SIGN_IDENTITY[sdk=iphoneos*]" = "iPhone Developer";
				COPY_PHASE_STRIP = NO;
				DEBUG_INFORMATION_FORMAT = "dwarf-with-dsym";
				ENABLE_NS_ASSERTIONS = NO;
				ENABLE_STRICT_OBJC_MSGSEND = YES;
				GCC_C_LANGUAGE_STANDARD = gnu99;
				GCC_NO_COMMON_BLOCKS = YES;
				GCC_WARN_64_TO_32_BIT_CONVERSION = YES;
				GCC_WARN_ABOUT_RETURN_TYPE = YES_ERROR;
				GCC_WARN_UNDECLARED_SELECTOR = YES;
				GCC_WARN_UNINITIALIZED_AUTOS = YES_AGGRESSIVE;
				GCC_WARN_UNUSED_FUNCTION = YES;
				GCC_WARN_UNUSED_VARIABLE = YES;
				IPHONEOS_DEPLOYMENT_TARGET = 10.2;
				MTL_ENABLE_DEBUG_INFO = NO;
				SDKROOT = iphoneos;
				SWIFT_OPTIMIZATION_LEVEL = "-Owholemodule";
				TARGETED_DEVICE_FAMILY = "1,2";
				VALIDATE_PRODUCT = YES;
			};
			name = Release;
		};
		81CB5F901E835E8E005EB6BE /* Debug */ = {
			isa = XCBuildConfiguration;
			buildSettings = {
				ASSETCATALOG_COMPILER_APPICON_NAME = AppIcon;
				INFOPLIST_FILE = Calculate_Swift/Info.plist;
				LD_RUNPATH_SEARCH_PATHS = "$(inherited) @executable_path/Frameworks";
				PRODUCT_BUNDLE_IDENTIFIER = "come.webcraft.Calculate-Swift";
				PRODUCT_NAME = "$(TARGET_NAME)";
				SWIFT_VERSION = 3.0;
			};
			name = Debug;
		};
		81CB5F911E835E8E005EB6BE /* Release */ = {
			isa = XCBuildConfiguration;
			buildSettings = {
				ASSETCATALOG_COMPILER_APPICON_NAME = AppIcon;
				INFOPLIST_FILE = Calculate_Swift/Info.plist;
				LD_RUNPATH_SEARCH_PATHS = "$(inherited) @executable_path/Frameworks";
				PRODUCT_BUNDLE_IDENTIFIER = "come.webcraft.Calculate-Swift";
				PRODUCT_NAME = "$(TARGET_NAME)";
				SWIFT_VERSION = 3.0;
			};
			name = Release;
		};
/* End XCBuildConfiguration section */

/* Begin XCConfigurationList section */
		81CB5F781E835E8E005EB6BE /* Build configuration list for PBXProject "Calculate_Swift" */ = {
			isa = XCConfigurationList;
			buildConfigurations = (
				81CB5F8D1E835E8E005EB6BE /* Debug */,
				81CB5F8E1E835E8E005EB6BE /* Release */,
			);
			defaultConfigurationIsVisible = 0;
			defaultConfigurationName = Release;
		};
		81CB5F8F1E835E8E005EB6BE /* Build configuration list for PBXNativeTarget "Calculate_Swift" */ = {
			isa = XCConfigurationList;
			buildConfigurations = (
				81CB5F901E835E8E005EB6BE /* Debug */,
				81CB5F911E835E8E005EB6BE /* Release */,
			);
			defaultConfigurationIsVisible = 0;
		};
/* End XCConfigurationList section */
	};
	rootObject = 81CB5F751E835E8E005EB6BE /* Project object */;
}
